
Microsoft Visual Studio Solution File, Format Version 12.00
# Visual Studio 15
Project("{FAE04EC0-301F-11D3-BF4B-00C04F79EFBC}") = "AlitsyTask", "AlitsyTask\AlitsyTask.csproj", "{EF6C416C-FF29-4EC2-9B54-AACC9B719CCA}"
EndProject
Project("{FAE04EC0-301F-11D3-BF4B-00C04F79EFBC}") = "AlitsyTask.Tests", "AlitsyTask.Tests\AlitsyTask.Tests.csproj", "{1A9A694F-4891-4A78-A769-90037956D08B}"
EndProject
Global
	GlobalSection(SolutionConfigurationPlatforms) = preSolution
		Debug|Any CPU = Debug|Any CPU
		Release|Any CPU = Release|Any CPU
	EndGlobalSection
	GlobalSection(ProjectConfigurationPlatforms) = postSolution
		{EF6C416C-FF29-4EC2-9B54-AACC9B719CCA}.Debug|Any CPU.ActiveCfg = Debug|Any CPU
		{EF6C416C-FF29-4EC2-9B54-AACC9B719CCA}.Debug|Any CPU.Build.0 = Debug|Any CPU
		{EF6C416C-FF29-4EC2-9B54-AACC9B719CCA}.Release|Any CPU.ActiveCfg = Release|Any CPU
		{EF6C416C-FF29-4EC2-9B54-AACC9B719CCA}.Release|Any CPU.Build.0 = Release|Any CPU
		{1A9A694F-4891-4A78-A769-90037956D08B}.Debug|Any CPU.ActiveCfg = Debug|Any CPU
		{1A9A694F-4891-4A78-A769-90037956D08B}.Debug|Any CPU.Build.0 = Debug|Any CPU
		{1A9A694F-4891-4A78-A769-90037956D08B}.Release|Any CPU.ActiveCfg = Release|Any CPU
		{1A9A694F-4891-4A78-A769-90037956D08B}.Release|Any CPU.Build.0 = Release|Any CPU
	EndGlobalSection
EndGlobal
